Microsoft Visual Studio Solution File, Format Version 8.00
Project("{8BC9CEB8-8B4A-11D0-8D11-00A0C91BC942}") = "_glui library", "glui.vcproj", "{304505FF-4A2A-471E-B163-17446985C98E}"
	ProjectSection(ProjectDependencies) = postProject
	EndProjectSection
EndProject
Project("{8BC9CEB8-8B4A-11D0-8D11-00A0C91BC942}") = "example1", "example1.vcproj", "{7DE9C1DC-6293-49CE-AC29-AADE92D03ADC}"
	ProjectSection(ProjectDependencies) = postProject
	EndProjectSection
EndProject
Project("{8BC9CEB8-8B4A-11D0-8D11-00A0C91BC942}") = "example2", "example2.vcproj", "{10FB199D-975A-4320-A09A-570C0E8A7890}"
	ProjectSection(ProjectDependencies) = postProject
	EndProjectSection
EndProject
Project("{8BC9CEB8-8B4A-11D0-8D11-00A0C91BC942}") = "example3", "example3.vcproj", "{A0DFF582-F13B-4CFB-95CE-A026A503BDD8}"
	ProjectSection(ProjectDependencies) = postProject
	EndProjectSection
EndProject
Project("{8BC9CEB8-8B4A-11D0-8D11-00A0C91BC942}") = "example4", "example4.vcproj", "{DE98CD9A-9830-46F8-835D-FB4D82182A7C}"
	ProjectSection(ProjectDependencies) = postProject
	EndProjectSection
EndProject
Project("{8BC9CEB8-8B4A-11D0-8D11-00A0C91BC942}") = "example5", "example5.vcproj", "{7574E15F-58D0-41DD-8EC2-D8EED683230F}"
	ProjectSection(ProjectDependencies) = postProject
	EndProjectSection
EndProject
Project("{8BC9CEB8-8B4A-11D0-8D11-00A0C91BC942}") = "example6", "example6.vcproj", "{7574E15F-58D0-41DD-8EC2-D8EED683230F}"
	ProjectSection(ProjectDependencies) = postProject
	EndProjectSection
EndProject
Project("{8BC9CEB8-8B4A-11D0-8D11-00A0C91BC942}") = "_gluidll library", "gluidll.vcproj", "{5803648B-B9F4-4BEB-A954-3C3EB5AE9FF6}"
	ProjectSection(ProjectDependencies) = postProject
	EndProjectSection
EndProject
Global
	GlobalSection(SolutionConfiguration) = preSolution
		Debug = Debug
		Debug GLUIDLL = Debug GLUIDLL
		Release = Release
		Release GLUIDLL = Release GLUIDLL
	EndGlobalSection
	GlobalSection(ProjectConfiguration) = postSolution
		{304505FF-4A2A-471E-B163-17446985C98E}.Debug.ActiveCfg = Debug|Win32
		{304505FF-4A2A-471E-B163-17446985C98E}.Debug.Build.0 = Debug|Win32
		{304505FF-4A2A-471E-B163-17446985C98E}.Debug GLUIDLL.ActiveCfg = Debug|Win32
		{304505FF-4A2A-471E-B163-17446985C98E}.Debug GLUIDLL.Build.0 = Debug|Win32
		{304505FF-4A2A-471E-B163-17446985C98E}.Release.ActiveCfg = Release|Win32
		{304505FF-4A2A-471E-B163-17446985C98E}.Release.Build.0 = Release|Win32
		{304505FF-4A2A-471E-B163-17446985C98E}.Release GLUIDLL.ActiveCfg = Release|Win32
		{304505FF-4A2A-471E-B163-17446985C98E}.Release GLUIDLL.Build.0 = Release|Win32
		{7DE9C1DC-6293-49CE-AC29-AADE92D03ADC}.Debug.ActiveCfg = Debug|Win32
		{7DE9C1DC-6293-49CE-AC29-AADE92D03ADC}.Debug.Build.0 = Debug|Win32
		{7DE9C1DC-6293-49CE-AC29-AADE92D03ADC}.Debug GLUIDLL.ActiveCfg = Debug GLUIDLL|Win32
		{7DE9C1DC-6293-49CE-AC29-AADE92D03ADC}.Debug GLUIDLL.Build.0 = Debug GLUIDLL|Win32
		{7DE9C1DC-6293-49CE-AC29-AADE92D03ADC}.Release.ActiveCfg = Release|Win32
		{7DE9C1DC-6293-49CE-AC29-AADE92D03ADC}.Release.Build.0 = Release|Win32
		{7DE9C1DC-6293-49CE-AC29-AADE92D03ADC}.Release GLUIDLL.ActiveCfg = Release GLUIDLL|Win32
		{7DE9C1DC-6293-49CE-AC29-AADE92D03ADC}.Release GLUIDLL.Build.0 = Release GLUIDLL|Win32
		{10FB199D-975A-4320-A09A-570C0E8A7890}.Debug.ActiveCfg = Debug|Win32
		{10FB199D-975A-4320-A09A-570C0E8A7890}.Debug.Build.0 = Debug|Win32
		{10FB199D-975A-4320-A09A-570C0E8A7890}.Debug GLUIDLL.ActiveCfg = Debug GLUIDLL|Win32
		{10FB199D-975A-4320-A09A-570C0E8A7890}.Debug GLUIDLL.Build.0 = Debug GLUIDLL|Win32
		{10FB199D-975A-4320-A09A-570C0E8A7890}.Release.ActiveCfg = Release|Win32
		{10FB199D-975A-4320-A09A-570C0E8A7890}.Release.Build.0 = Release|Win32
		{10FB199D-975A-4320-A09A-570C0E8A7890}.Release GLUIDLL.ActiveCfg = Release GLUIDLL|Win32
		{10FB199D-975A-4320-A09A-570C0E8A7890}.Release GLUIDLL.Build.0 = Release GLUIDLL|Win32
		{A0DFF582-F13B-4CFB-95CE-A026A503BDD8}.Debug.ActiveCfg = Debug|Win32
		{A0DFF582-F13B-4CFB-95CE-A026A503BDD8}.Debug.Build.0 = Debug|Win32
		{A0DFF582-F13B-4CFB-95CE-A026A503BDD8}.Debug GLUIDLL.ActiveCfg = Debug GLUIDLL|Win32
		{A0DFF582-F13B-4CFB-95CE-A026A503BDD8}.Debug GLUIDLL.Build.0 = Debug GLUIDLL|Win32
		{A0DFF582-F13B-4CFB-95CE-A026A503BDD8}.Release.ActiveCfg = Release|Win32
		{A0DFF582-F13B-4CFB-95CE-A026A503BDD8}.Release.Build.0 = Release|Win32
		{A0DFF582-F13B-4CFB-95CE-A026A503BDD8}.Release GLUIDLL.ActiveCfg = Release GLUIDLL|Win32
		{A0DFF582-F13B-4CFB-95CE-A026A503BDD8}.Release GLUIDLL.Build.0 = Release GLUIDLL|Win32
		{DE98CD9A-9830-46F8-835D-FB4D82182A7C}.Debug.ActiveCfg = Debug|Win32
		{DE98CD9A-9830-46F8-835D-FB4D82182A7C}.Debug.Build.0 = Debug|Win32
		{DE98CD9A-9830-46F8-835D-FB4D82182A7C}.Debug GLUIDLL.ActiveCfg = Debug GLUIDLL|Win32
		{DE98CD9A-9830-46F8-835D-FB4D82182A7C}.Debug GLUIDLL.Build.0 = Debug GLUIDLL|Win32
		{DE98CD9A-9830-46F8-835D-FB4D82182A7C}.Release.ActiveCfg = Release|Win32
		{DE98CD9A-9830-46F8-835D-FB4D82182A7C}.Release.Build.0 = Release|Win32
		{DE98CD9A-9830-46F8-835D-FB4D82182A7C}.Release GLUIDLL.ActiveCfg = Release GLUIDLL|Win32
		{DE98CD9A-9830-46F8-835D-FB4D82182A7C}.Release GLUIDLL.Build.0 = Release GLUIDLL|Win32
		{7574E15F-58D0-41DD-8EC2-D8EED683230F}.Debug.ActiveCfg = Debug|Win32
		{7574E15F-58D0-41DD-8EC2-D8EED683230F}.Debug.Build.0 = Debug|Win32
		{7574E15F-58D0-41DD-8EC2-D8EED683230F}.Debug GLUIDLL.ActiveCfg = Debug GLUIDLL|Win32
		{7574E15F-58D0-41DD-8EC2-D8EED683230F}.Debug GLUIDLL.Build.0 = Debug GLUIDLL|Win32
		{7574E15F-58D0-41DD-8EC2-D8EED683230F}.Release.ActiveCfg = Release|Win32
		{7574E15F-58D0-41DD-8EC2-D8EED683230F}.Release.Build.0 = Release|Win32
		{7574E15F-58D0-41DD-8EC2-D8EED683230F}.Release GLUIDLL.ActiveCfg = Release GLUIDLL|Win32
		{7574E15F-58D0-41DD-8EC2-D8EED683230F}.Release GLUIDLL.Build.0 = Release GLUIDLL|Win32
		{7574E15F-58D0-41DD-8EC2-D8EED683230F}.Debug.ActiveCfg = Debug|Win32
		{7574E15F-58D0-41DD-8EC2-D8EED683230F}.Debug.Build.0 = Debug|Win32
		{7574E15F-58D0-41DD-8EC2-D8EED683230F}.Debug GLUIDLL.ActiveCfg = Debug GLUIDLL|Win32
		{7574E15F-58D0-41DD-8EC2-D8EED683230F}.Debug GLUIDLL.Build.0 = Debug GLUIDLL|Win32
		{7574E15F-58D0-41DD-8EC2-D8EED683230F}.Release.ActiveCfg = Release|Win32
		{7574E15F-58D0-41DD-8EC2-D8EED683230F}.Release.Build.0 = Release|Win32
		{7574E15F-58D0-41DD-8EC2-D8EED683230F}.Release GLUIDLL.ActiveCfg = Release GLUIDLL|Win32
		{7574E15F-58D0-41DD-8EC2-D8EED683230F}.Release GLUIDLL.Build.0 = Release GLUIDLL|Win32
		{5803648B-B9F4-4BEB-A954-3C3EB5AE9FF6}.Debug.ActiveCfg = Debug GLUIDLL|Win32
		{5803648B-B9F4-4BEB-A954-3C3EB5AE9FF6}.Debug.Build.0 = Debug GLUIDLL|Win32
		{5803648B-B9F4-4BEB-A954-3C3EB5AE9FF6}.Debug GLUIDLL.ActiveCfg = Debug GLUIDLL|Win32
		{5803648B-B9F4-4BEB-A954-3C3EB5AE9FF6}.Debug GLUIDLL.Build.0 = Debug GLUIDLL|Win32
		{5803648B-B9F4-4BEB-A954-3C3EB5AE9FF6}.Release.ActiveCfg = Release GLUIDLL|Win32
		{5803648B-B9F4-4BEB-A954-3C3EB5AE9FF6}.Release.Build.0 = Release GLUIDLL|Win32
		{5803648B-B9F4-4BEB-A954-3C3EB5AE9FF6}.Release GLUIDLL.ActiveCfg = Release GLUIDLL|Win32
		{5803648B-B9F4-4BEB-A954-3C3EB5AE9FF6}.Release GLUIDLL.Build.0 = Release GLUIDLL|Win32
	EndGlobalSection
	GlobalSection(SolutionItems) = postSolution
		README.txt = README.txt
	EndGlobalSection
	GlobalSection(ExtensibilityGlobals) = postSolution
	EndGlobalSection
	GlobalSection(ExtensibilityAddIns) = postSolution
	EndGlobalSection
EndGlobal
